
Microsoft Visual Studio Solution File, Format Version 12.00
# Visual Studio Version 17
VisualStudioVersion = 17.1.32210.238
MinimumVisualStudioVersion = 10.0.40219.1
Project("{FAE04EC0-301F-11D3-BF4B-00C04F79EFBC}") = "08_This_And_Base", "08_This_And_Base\08_This_And_Base.csproj", "{8AA21613-0DB7-49B3-BDB0-76C73442689A}"
EndProject
Global
	GlobalSection(SolutionConfigurationPlatforms) = preSolution
		Debug|Any CPU = Debug|Any CPU
		Release|Any CPU = Release|Any CPU
	EndGlobalSection
	GlobalSection(ProjectConfigurationPlatforms) = postSolution
		{8AA21613-0DB7-49B3-BDB0-76C73442689A}.Debug|Any CPU.ActiveCfg = Debug|Any CPU
		{8AA21613-0DB7-49B3-BDB0-76C73442689A}.Debug|Any CPU.Build.0 = Debug|Any CPU
		{8AA21613-0DB7-49B3-BDB0-76C73442689A}.Release|Any CPU.ActiveCfg = Release|Any CPU
		{8AA21613-0DB7-49B3-BDB0-76C73442689A}.Release|Any CPU.Build.0 = Release|Any CPU
	EndGlobalSection
	GlobalSection(SolutionProperties) = preSolution
		HideSolutionNode = FALSE
	EndGlobalSection
	GlobalSection(ExtensibilityGlobals) = postSolution
		SolutionGuid = {273C33E9-F1FD-496A-AB50-C860852F14C8}
	EndGlobalSection
EndGlobal
