
Microsoft Visual Studio Solution File, Format Version 12.00
# Visual Studio Version 17
VisualStudioVersion = 17.1.32210.238
MinimumVisualStudioVersion = 10.0.40219.1
Project("{FAE04EC0-301F-11D3-BF4B-00C04F79EFBC}") = "03_Methods", "03_Methods\03_Methods.csproj", "{47203632-D074-482D-BD65-85BAA55FAAC2}"
EndProject
Global
	GlobalSection(SolutionConfigurationPlatforms) = preSolution
		Debug|Any CPU = Debug|Any CPU
		Release|Any CPU = Release|Any CPU
	EndGlobalSection
	GlobalSection(ProjectConfigurationPlatforms) = postSolution
		{47203632-D074-482D-BD65-85BAA55FAAC2}.Debug|Any CPU.ActiveCfg = Debug|Any CPU
		{47203632-D074-482D-BD65-85BAA55FAAC2}.Debug|Any CPU.Build.0 = Debug|Any CPU
		{47203632-D074-482D-BD65-85BAA55FAAC2}.Release|Any CPU.ActiveCfg = Release|Any CPU
		{47203632-D074-482D-BD65-85BAA55FAAC2}.Release|Any CPU.Build.0 = Release|Any CPU
	EndGlobalSection
	GlobalSection(SolutionProperties) = preSolution
		HideSolutionNode = FALSE
	EndGlobalSection
	GlobalSection(ExtensibilityGlobals) = postSolution
		SolutionGuid = {7B3A086B-2CE0-4666-9530-EDA87143E902}
	EndGlobalSection
EndGlobal
