
Microsoft Visual Studio Solution File, Format Version 12.00
# Visual Studio Version 17
VisualStudioVersion = 17.1.32210.238
MinimumVisualStudioVersion = 10.0.40219.1
Project("{FAE04EC0-301F-11D3-BF4B-00C04F79EFBC}") = "05_Class_Members", "05_Class_Members\05_Class_Members.csproj", "{5225FB07-3EFA-42D0-BAF4-AE9955C7DFFE}"
EndProject
Global
	GlobalSection(SolutionConfigurationPlatforms) = preSolution
		Debug|Any CPU = Debug|Any CPU
		Release|Any CPU = Release|Any CPU
	EndGlobalSection
	GlobalSection(ProjectConfigurationPlatforms) = postSolution
		{5225FB07-3EFA-42D0-BAF4-AE9955C7DFFE}.Debug|Any CPU.ActiveCfg = Debug|Any CPU
		{5225FB07-3EFA-42D0-BAF4-AE9955C7DFFE}.Debug|Any CPU.Build.0 = Debug|Any CPU
		{5225FB07-3EFA-42D0-BAF4-AE9955C7DFFE}.Release|Any CPU.ActiveCfg = Release|Any CPU
		{5225FB07-3EFA-42D0-BAF4-AE9955C7DFFE}.Release|Any CPU.Build.0 = Release|Any CPU
	EndGlobalSection
	GlobalSection(SolutionProperties) = preSolution
		HideSolutionNode = FALSE
	EndGlobalSection
	GlobalSection(ExtensibilityGlobals) = postSolution
		SolutionGuid = {14B060BC-A5D3-4165-ADA1-34879F3152C3}
	EndGlobalSection
EndGlobal
