
Microsoft Visual Studio Solution File, Format Version 12.00
# Visual Studio Version 17
VisualStudioVersion = 17.1.32210.238
MinimumVisualStudioVersion = 10.0.40219.1
Project("{FAE04EC0-301F-11D3-BF4B-00C04F79EFBC}") = "01_Class", "01_Class\01_Class.csproj", "{5B849969-9A5A-4380-AC8B-6A648989BB63}"
EndProject
Global
	GlobalSection(SolutionConfigurationPlatforms) = preSolution
		Debug|Any CPU = Debug|Any CPU
		Release|Any CPU = Release|Any CPU
	EndGlobalSection
	GlobalSection(ProjectConfigurationPlatforms) = postSolution
		{5B849969-9A5A-4380-AC8B-6A648989BB63}.Debug|Any CPU.ActiveCfg = Debug|Any CPU
		{5B849969-9A5A-4380-AC8B-6A648989BB63}.Debug|Any CPU.Build.0 = Debug|Any CPU
		{5B849969-9A5A-4380-AC8B-6A648989BB63}.Release|Any CPU.ActiveCfg = Release|Any CPU
		{5B849969-9A5A-4380-AC8B-6A648989BB63}.Release|Any CPU.Build.0 = Release|Any CPU
	EndGlobalSection
	GlobalSection(SolutionProperties) = preSolution
		HideSolutionNode = FALSE
	EndGlobalSection
	GlobalSection(ExtensibilityGlobals) = postSolution
		SolutionGuid = {2EB3078F-A316-4BC3-9B4E-A196E2E8EE73}
	EndGlobalSection
EndGlobal
